
Microsoft Visual Studio Solution File, Format Version 12.00
# Visual Studio Version 16
VisualStudioVersion = 16.0.31410.357
MinimumVisualStudioVersion = 10.0.40219.1
Project("{FAE04EC0-301F-11D3-BF4B-00C04F79EFBC}") = "Academy", "Academy\Academy.csproj", "{BBE2316B-DF5C-4C4D-A449-1C4588247CCA}"
EndProject
Global
	GlobalSection(SolutionConfigurationPlatforms) = preSolution
		Debug|Any CPU = Debug|Any CPU
		Release|Any CPU = Release|Any CPU
	EndGlobalSection
	GlobalSection(ProjectConfigurationPlatforms) = postSolution
		{BBE2316B-DF5C-4C4D-A449-1C4588247CCA}.Debug|Any CPU.ActiveCfg = Debug|Any CPU
		{BBE2316B-DF5C-4C4D-A449-1C4588247CCA}.Debug|Any CPU.Build.0 = Debug|Any CPU
		{BBE2316B-DF5C-4C4D-A449-1C4588247CCA}.Release|Any CPU.ActiveCfg = Release|Any CPU
		{BBE2316B-DF5C-4C4D-A449-1C4588247CCA}.Release|Any CPU.Build.0 = Release|Any CPU
	EndGlobalSection
	GlobalSection(SolutionProperties) = preSolution
		HideSolutionNode = FALSE
	EndGlobalSection
	GlobalSection(ExtensibilityGlobals) = postSolution
		SolutionGuid = {F6D0A7F7-6758-4EC5-80FB-0CA122F8B604}
	EndGlobalSection
EndGlobal
